
Microsoft Visual Studio Solution File, Format Version 12.00
# Visual Studio Version 17
VisualStudioVersion = 17.3.32901.215
MinimumVisualStudioVersion = 10.0.40219.1
Project("{8BC9CEB8-8B4A-11D0-8D11-00A0C91BC942}") = "Project1", "Project1\Project1.vcxproj", "{C14374A3-CF15-4F45-9ADE-209E3B75370E}"
EndProject
Global
	GlobalSection(SolutionConfigurationPlatforms) = preSolution
		Debug|x64 = Debug|x64
		Debug|x86 = Debug|x86
		Release|x64 = Release|x64
		Release|x86 = Release|x86
	EndGlobalSection
	GlobalSection(ProjectConfigurationPlatforms) = postSolution
		{C14374A3-CF15-4F45-9ADE-209E3B75370E}.Debug|x64.ActiveCfg = Debug|x64
		{C14374A3-CF15-4F45-9ADE-209E3B75370E}.Debug|x64.Build.0 = Debug|x64
		{C14374A3-CF15-4F45-9ADE-209E3B75370E}.Debug|x86.ActiveCfg = Debug|Win32
		{C14374A3-CF15-4F45-9ADE-209E3B75370E}.Debug|x86.Build.0 = Debug|Win32
		{C14374A3-CF15-4F45-9ADE-209E3B75370E}.Release|x64.ActiveCfg = Release|x64
		{C14374A3-CF15-4F45-9ADE-209E3B75370E}.Release|x64.Build.0 = Release|x64
		{C14374A3-CF15-4F45-9ADE-209E3B75370E}.Release|x86.ActiveCfg = Release|Win32
		{C14374A3-CF15-4F45-9ADE-209E3B75370E}.Release|x86.Build.0 = Release|Win32
	EndGlobalSection
	GlobalSection(SolutionProperties) = preSolution
		HideSolutionNode = FALSE
	EndGlobalSection
	GlobalSection(ExtensibilityGlobals) = postSolution
		SolutionGuid = {92973F63-94F9-46EE-A544-D44B3C20BB9D}
	EndGlobalSection
EndGlobal
